
Microsoft Visual Studio Solution File, Format Version 12.00
# Visual Studio 15
Project("{FAE04EC0-301F-11D3-BF4B-00C04F79EFBC}") = "Assembly-CSharp", "Assembly-CSharp.csproj", "{9830DEF9-C285-324E-09B1-C8E66CC0CF49}"
EndProject
Project("{FAE04EC0-301F-11D3-BF4B-00C04F79EFBC}") = "Assembly-CSharp-firstpass", "Assembly-CSharp-firstpass.csproj", "{EA81F9BA-CF86-9CC8-A75D-3E0350E5870C}"
EndProject
Global
	GlobalSection(SolutionConfigurationPlatforms) = preSolution
		Debug|Any CPU = Debug|Any CPU
		Release|Any CPU = Release|Any CPU
	EndGlobalSection
	GlobalSection(ProjectConfigurationPlatforms) = postSolution
		{9830DEF9-C285-324E-09B1-C8E66CC0CF49}.Debug|Any CPU.ActiveCfg = Debug|Any CPU
		{9830DEF9-C285-324E-09B1-C8E66CC0CF49}.Debug|Any CPU.Build.0 = Debug|Any CPU
		{9830DEF9-C285-324E-09B1-C8E66CC0CF49}.Release|Any CPU.ActiveCfg = Release|Any CPU
		{9830DEF9-C285-324E-09B1-C8E66CC0CF49}.Release|Any CPU.Build.0 = Release|Any CPU
		{EA81F9BA-CF86-9CC8-A75D-3E0350E5870C}.Debug|Any CPU.ActiveCfg = Debug|Any CPU
		{EA81F9BA-CF86-9CC8-A75D-3E0350E5870C}.Debug|Any CPU.Build.0 = Debug|Any CPU
		{EA81F9BA-CF86-9CC8-A75D-3E0350E5870C}.Release|Any CPU.ActiveCfg = Release|Any CPU
		{EA81F9BA-CF86-9CC8-A75D-3E0350E5870C}.Release|Any CPU.Build.0 = Release|Any CPU
	EndGlobalSection
	GlobalSection(SolutionProperties) = preSolution
		HideSolutionNode = FALSE
	EndGlobalSection
EndGlobal
